[root]
name = "feedburst"
version = "0.1.0"
dependencies = [
 "nom 3.1.0 (registry+https://github.com/rust-lang/crates.io-index)",
]

[[package]]
name = "compiler_error"
version = "0.1.1"
source = "registry+https://github.com/rust-lang/crates.io-index"

[[package]]
name = "libc"
version = "0.2.26"
source = "registry+https://github.com/rust-lang/crates.io-index"

[[package]]
name = "memchr"
version = "1.0.1"
source = "registry+https://github.com/rust-lang/crates.io-index"
dependencies = [
 "libc 0.2.26 (registry+https://github.com/rust-lang/crates.io-index)",
]

[[package]]
name = "nom"
version = "3.1.0"
source = "registry+https://github.com/rust-lang/crates.io-index"
dependencies = [
 "compiler_error 0.1.1 (registry+https://github.com/rust-lang/crates.io-index)",
 "memchr 1.0.1 (registry+https://github.com/rust-lang/crates.io-index)",
]

[metadata]
"checksum compiler_error 0.1.1 (registry+https://github.com/rust-lang/crates.io-index)" = "ef975f6d3622b15ea669c8075fefa5a9bc4bfae1b8b221ab9962daff003b3047"
"checksum libc 0.2.26 (registry+https://github.com/rust-lang/crates.io-index)" = "30885bcb161cf67054244d10d4a7f4835ffd58773bc72e07d35fecf472295503"
"checksum memchr 1.0.1 (registry+https://github.com/rust-lang/crates.io-index)" = "1dbccc0e46f1ea47b9f17e6d67c5a96bd27030519c519c9c91327e31275a47b4"
"checksum nom 3.1.0 (registry+https://github.com/rust-lang/crates.io-index)" = "6f609d6a10aad859fdfccb134ba1022bbdfac52dd759acc2ab75171874056237"
